
Microsoft Visual Studio Solution File, Format Version 12.00
# Visual Studio Version 17
VisualStudioVersion = 17.10.35027.167
MinimumVisualStudioVersion = 10.0.40219.1
Project("{8BC9CEB8-8B4A-11D0-8D11-00A0C91BC942}") = "P01", "P01\P01.vcxproj", "{5A0F1059-0E03-4C21-881C-F5B510EA35F4}"
EndProject
Project("{8BC9CEB8-8B4A-11D0-8D11-00A0C91BC942}") = "P02", "P02\P02.vcxproj", "{2E6B7753-434A-4EC4-95B2-C7461D0F337F}"
EndProject
Project("{8BC9CEB8-8B4A-11D0-8D11-00A0C91BC942}") = "P03", "P03\P03.vcxproj", "{A6C291CC-E815-47B0-BF82-DB6CEB0A0D64}"
EndProject
Project("{8BC9CEB8-8B4A-11D0-8D11-00A0C91BC942}") = "P04", "P04\P04.vcxproj", "{44269E0E-610E-4306-976A-5A3B089C7728}"
EndProject
Project("{8BC9CEB8-8B4A-11D0-8D11-00A0C91BC942}") = "P05", "P05\P05.vcxproj", "{EF9AE01A-2608-41DE-B35B-F71092018595}"
EndProject
Project("{8BC9CEB8-8B4A-11D0-8D11-00A0C91BC942}") = "P06", "P06\P06.vcxproj", "{12CC2611-CF45-4A22-9614-675B392BC29B}"
EndProject
Project("{8BC9CEB8-8B4A-11D0-8D11-00A0C91BC942}") = "P07", "P07\P07.vcxproj", "{00C434EE-8CDC-493D-AEA6-01BE94B29107}"
EndProject
Project("{8BC9CEB8-8B4A-11D0-8D11-00A0C91BC942}") = "P08", "P08\P08.vcxproj", "{7DA84ED2-6F8C-4C7A-93A4-5386F72EF563}"
EndProject
Global
	GlobalSection(SolutionConfigurationPlatforms) = preSolution
		Debug|x64 = Debug|x64
		Debug|x86 = Debug|x86
		Release|x64 = Release|x64
		Release|x86 = Release|x86
	EndGlobalSection
	GlobalSection(ProjectConfigurationPlatforms) = postSolution
		{5A0F1059-0E03-4C21-881C-F5B510EA35F4}.Debug|x64.ActiveCfg = Debug|x64
		{5A0F1059-0E03-4C21-881C-F5B510EA35F4}.Debug|x64.Build.0 = Debug|x64
		{5A0F1059-0E03-4C21-881C-F5B510EA35F4}.Debug|x86.ActiveCfg = Debug|Win32
		{5A0F1059-0E03-4C21-881C-F5B510EA35F4}.Debug|x86.Build.0 = Debug|Win32
		{5A0F1059-0E03-4C21-881C-F5B510EA35F4}.Release|x64.ActiveCfg = Release|x64
		{5A0F1059-0E03-4C21-881C-F5B510EA35F4}.Release|x64.Build.0 = Release|x64
		{5A0F1059-0E03-4C21-881C-F5B510EA35F4}.Release|x86.ActiveCfg = Release|Win32
		{5A0F1059-0E03-4C21-881C-F5B510EA35F4}.Release|x86.Build.0 = Release|Win32
		{2E6B7753-434A-4EC4-95B2-C7461D0F337F}.Debug|x64.ActiveCfg = Debug|x64
		{2E6B7753-434A-4EC4-95B2-C7461D0F337F}.Debug|x64.Build.0 = Debug|x64
		{2E6B7753-434A-4EC4-95B2-C7461D0F337F}.Debug|x86.ActiveCfg = Debug|Win32
		{2E6B7753-434A-4EC4-95B2-C7461D0F337F}.Debug|x86.Build.0 = Debug|Win32
		{2E6B7753-434A-4EC4-95B2-C7461D0F337F}.Release|x64.ActiveCfg = Release|x64
		{2E6B7753-434A-4EC4-95B2-C7461D0F337F}.Release|x64.Build.0 = Release|x64
		{2E6B7753-434A-4EC4-95B2-C7461D0F337F}.Release|x86.ActiveCfg = Release|Win32
		{2E6B7753-434A-4EC4-95B2-C7461D0F337F}.Release|x86.Build.0 = Release|Win32
		{A6C291CC-E815-47B0-BF82-DB6CEB0A0D64}.Debug|x64.ActiveCfg = Debug|x64
		{A6C291CC-E815-47B0-BF82-DB6CEB0A0D64}.Debug|x64.Build.0 = Debug|x64
		{A6C291CC-E815-47B0-BF82-DB6CEB0A0D64}.Debug|x86.ActiveCfg = Debug|Win32
		{A6C291CC-E815-47B0-BF82-DB6CEB0A0D64}.Debug|x86.Build.0 = Debug|Win32
		{A6C291CC-E815-47B0-BF82-DB6CEB0A0D64}.Release|x64.ActiveCfg = Release|x64
		{A6C291CC-E815-47B0-BF82-DB6CEB0A0D64}.Release|x64.Build.0 = Release|x64
		{A6C291CC-E815-47B0-BF82-DB6CEB0A0D64}.Release|x86.ActiveCfg = Release|Win32
		{A6C291CC-E815-47B0-BF82-DB6CEB0A0D64}.Release|x86.Build.0 = Release|Win32
		{44269E0E-610E-4306-976A-5A3B089C7728}.Debug|x64.ActiveCfg = Debug|x64
		{44269E0E-610E-4306-976A-5A3B089C7728}.Debug|x64.Build.0 = Debug|x64
		{44269E0E-610E-4306-976A-5A3B089C7728}.Debug|x86.ActiveCfg = Debug|Win32
		{44269E0E-610E-4306-976A-5A3B089C7728}.Debug|x86.Build.0 = Debug|Win32
		{44269E0E-610E-4306-976A-5A3B089C7728}.Release|x64.ActiveCfg = Release|x64
		{44269E0E-610E-4306-976A-5A3B089C7728}.Release|x64.Build.0 = Release|x64
		{44269E0E-610E-4306-976A-5A3B089C7728}.Release|x86.ActiveCfg = Release|Win32
		{44269E0E-610E-4306-976A-5A3B089C7728}.Release|x86.Build.0 = Release|Win32
		{EF9AE01A-2608-41DE-B35B-F71092018595}.Debug|x64.ActiveCfg = Debug|x64
		{EF9AE01A-2608-41DE-B35B-F71092018595}.Debug|x64.Build.0 = Debug|x64
		{EF9AE01A-2608-41DE-B35B-F71092018595}.Debug|x86.ActiveCfg = Debug|Win32
		{EF9AE01A-2608-41DE-B35B-F71092018595}.Debug|x86.Build.0 = Debug|Win32
		{EF9AE01A-2608-41DE-B35B-F71092018595}.Release|x64.ActiveCfg = Release|x64
		{EF9AE01A-2608-41DE-B35B-F71092018595}.Release|x64.Build.0 = Release|x64
		{EF9AE01A-2608-41DE-B35B-F71092018595}.Release|x86.ActiveCfg = Release|Win32
		{EF9AE01A-2608-41DE-B35B-F71092018595}.Release|x86.Build.0 = Release|Win32
		{12CC2611-CF45-4A22-9614-675B392BC29B}.Debug|x64.ActiveCfg = Debug|x64
		{12CC2611-CF45-4A22-9614-675B392BC29B}.Debug|x64.Build.0 = Debug|x64
		{12CC2611-CF45-4A22-9614-675B392BC29B}.Debug|x86.ActiveCfg = Debug|Win32
		{12CC2611-CF45-4A22-9614-675B392BC29B}.Debug|x86.Build.0 = Debug|Win32
		{12CC2611-CF45-4A22-9614-675B392BC29B}.Release|x64.ActiveCfg = Release|x64
		{12CC2611-CF45-4A22-9614-675B392BC29B}.Release|x64.Build.0 = Release|x64
		{12CC2611-CF45-4A22-9614-675B392BC29B}.Release|x86.ActiveCfg = Release|Win32
		{12CC2611-CF45-4A22-9614-675B392BC29B}.Release|x86.Build.0 = Release|Win32
		{00C434EE-8CDC-493D-AEA6-01BE94B29107}.Debug|x64.ActiveCfg = Debug|x64
		{00C434EE-8CDC-493D-AEA6-01BE94B29107}.Debug|x64.Build.0 = Debug|x64
		{00C434EE-8CDC-493D-AEA6-01BE94B29107}.Debug|x86.ActiveCfg = Debug|Win32
		{00C434EE-8CDC-493D-AEA6-01BE94B29107}.Debug|x86.Build.0 = Debug|Win32
		{00C434EE-8CDC-493D-AEA6-01BE94B29107}.Release|x64.ActiveCfg = Release|x64
		{00C434EE-8CDC-493D-AEA6-01BE94B29107}.Release|x64.Build.0 = Release|x64
		{00C434EE-8CDC-493D-AEA6-01BE94B29107}.Release|x86.ActiveCfg = Release|Win32
		{00C434EE-8CDC-493D-AEA6-01BE94B29107}.Release|x86.Build.0 = Release|Win32
		{7DA84ED2-6F8C-4C7A-93A4-5386F72EF563}.Debug|x64.ActiveCfg = Debug|x64
		{7DA84ED2-6F8C-4C7A-93A4-5386F72EF563}.Debug|x64.Build.0 = Debug|x64
		{7DA84ED2-6F8C-4C7A-93A4-5386F72EF563}.Debug|x86.ActiveCfg = Debug|Win32
		{7DA84ED2-6F8C-4C7A-93A4-5386F72EF563}.Debug|x86.Build.0 = Debug|Win32
		{7DA84ED2-6F8C-4C7A-93A4-5386F72EF563}.Release|x64.ActiveCfg = Release|x64
		{7DA84ED2-6F8C-4C7A-93A4-5386F72EF563}.Release|x64.Build.0 = Release|x64
		{7DA84ED2-6F8C-4C7A-93A4-5386F72EF563}.Release|x86.ActiveCfg = Release|Win32
		{7DA84ED2-6F8C-4C7A-93A4-5386F72EF563}.Release|x86.Build.0 = Release|Win32
	EndGlobalSection
	GlobalSection(SolutionProperties) = preSolution
		HideSolutionNode = FALSE
	EndGlobalSection
	GlobalSection(ExtensibilityGlobals) = postSolution
		SolutionGuid = {88917FD2-35DE-4E78-866B-4FF153EDDB55}
	EndGlobalSection
EndGlobal
